// !$*UTF8*$!
{
	archiveVersion = 1;
	classes = {
	};
	objectVersion = 56;
	objects = {

/* Begin PBXBuildFile section */
		4986CECE2AB7F5DC00D1E259 /* SearchBar.swift in Sources */ = {isa = PBXBuildFile; fileRef = 4986CECD2AB7F5DC00D1E259 /* SearchBar.swift */; };
		4986CED02AB956AA00D1E259 /* SignUpViewModel.swift in Sources */ = {isa = PBXBuildFile; fileRef = 4986CECF2AB956AA00D1E259 /* SignUpViewModel.swift */; };
		4986CED22AB956B200D1E259 /* LoginViewModel.swift in Sources */ = {isa = PBXBuildFile; fileRef = 4986CED12AB956B200D1E259 /* LoginViewModel.swift */; };
		4986CED62AB9573400D1E259 /* AuthenticationManager.swift in Sources */ = {isa = PBXBuildFile; fileRef = 4986CED52AB9573400D1E259 /* AuthenticationManager.swift */; };
		4995B0FA2AA84933003A8E3A /* ScreenTimeSocialMediaApp.swift in Sources */ = {isa = PBXBuildFile; fileRef = 4995B0F92AA84933003A8E3A /* ScreenTimeSocialMediaApp.swift */; };
		4995B0FE2AA84934003A8E3A /* Assets.xcassets in Resources */ = {isa = PBXBuildFile; fileRef = 4995B0FD2AA84934003A8E3A /* Assets.xcassets */; };
		4995B1012AA84934003A8E3A /* Preview Assets.xcassets in Resources */ = {isa = PBXBuildFile; fileRef = 4995B1002AA84934003A8E3A /* Preview Assets.xcassets */; };
		4995B1092AA84997003A8E3A /* LoginView.swift in Sources */ = {isa = PBXBuildFile; fileRef = 4995B1082AA84997003A8E3A /* LoginView.swift */; };
		4995B10B2AA849A2003A8E3A /* SignUpView.swift in Sources */ = {isa = PBXBuildFile; fileRef = 4995B10A2AA849A2003A8E3A /* SignUpView.swift */; };
		4995B10D2AA849AD003A8E3A /* TabBarView.swift in Sources */ = {isa = PBXBuildFile; fileRef = 4995B10C2AA849AD003A8E3A /* TabBarView.swift */; };
		4995B1122AA84A3F003A8E3A /* FriendsView.swift in Sources */ = {isa = PBXBuildFile; fileRef = 4995B1112AA84A3F003A8E3A /* FriendsView.swift */; };
		4995B1142AA84A49003A8E3A /* HomeView.swift in Sources */ = {isa = PBXBuildFile; fileRef = 4995B1132AA84A49003A8E3A /* HomeView.swift */; };
		4995B1162AA84A54003A8E3A /* ProfileView.swift in Sources */ = {isa = PBXBuildFile; fileRef = 4995B1152AA84A54003A8E3A /* ProfileView.swift */; };
		49C8EEDF2AA97F7E00B2565B /* SettingsRowView.swift in Sources */ = {isa = PBXBuildFile; fileRef = 49C8EEDE2AA97F7E00B2565B /* SettingsRowView.swift */; };
		49C8EEE12AA9877500B2565B /* GoogleService-Info.plist in Resources */ = {isa = PBXBuildFile; fileRef = 49C8EEE02AA9877500B2565B /* GoogleService-Info.plist */; };
		49C8EEE42AA98C3D00B2565B /* FirebaseAnalytics in Frameworks */ = {isa = PBXBuildFile; productRef = 49C8EEE32AA98C3D00B2565B /* FirebaseAnalytics */; };
		49C8EEE62AA98C3D00B2565B /* FirebaseAnalyticsOnDeviceConversion in Frameworks */ = {isa = PBXBuildFile; productRef = 49C8EEE52AA98C3D00B2565B /* FirebaseAnalyticsOnDeviceConversion */; };
		49C8EEE82AA98C3D00B2565B /* FirebaseAnalyticsSwift in Frameworks */ = {isa = PBXBuildFile; productRef = 49C8EEE72AA98C3D00B2565B /* FirebaseAnalyticsSwift */; };
		49C8EEEA2AA98C3D00B2565B /* FirebaseAnalyticsWithoutAdIdSupport in Frameworks */ = {isa = PBXBuildFile; productRef = 49C8EEE92AA98C3D00B2565B /* FirebaseAnalyticsWithoutAdIdSupport */; };
		49C8EEEC2AA98C3D00B2565B /* FirebaseAppCheck in Frameworks */ = {isa = PBXBuildFile; productRef = 49C8EEEB2AA98C3D00B2565B /* FirebaseAppCheck */; };
		49C8EEEE2AA98C3D00B2565B /* FirebaseAppDistribution-Beta in Frameworks */ = {isa = PBXBuildFile; productRef = 49C8EEED2AA98C3D00B2565B /* FirebaseAppDistribution-Beta */; };
		49C8EEF02AA98C3D00B2565B /* FirebaseAuth in Frameworks */ = {isa = PBXBuildFile; productRef = 49C8EEEF2AA98C3D00B2565B /* FirebaseAuth */; };
		49C8EEF22AA98C3D00B2565B /* FirebaseAuthCombine-Community in Frameworks */ = {isa = PBXBuildFile; productRef = 49C8EEF12AA98C3D00B2565B /* FirebaseAuthCombine-Community */; };
		49C8EEF42AA98C3D00B2565B /* FirebaseCrashlytics in Frameworks */ = {isa = PBXBuildFile; productRef = 49C8EEF32AA98C3D00B2565B /* FirebaseCrashlytics */; };
		49C8EEF62AA98C3D00B2565B /* FirebaseDatabase in Frameworks */ = {isa = PBXBuildFile; productRef = 49C8EEF52AA98C3D00B2565B /* FirebaseDatabase */; };
		49C8EEF82AA98C3D00B2565B /* FirebaseDatabaseSwift in Frameworks */ = {isa = PBXBuildFile; productRef = 49C8EEF72AA98C3D00B2565B /* FirebaseDatabaseSwift */; };
		49C8EEFA2AA98C3D00B2565B /* FirebaseDynamicLinks in Frameworks */ = {isa = PBXBuildFile; productRef = 49C8EEF92AA98C3D00B2565B /* FirebaseDynamicLinks */; };
		49C8EEFC2AA98C3D00B2565B /* FirebaseFirestore in Frameworks */ = {isa = PBXBuildFile; productRef = 49C8EEFB2AA98C3D00B2565B /* FirebaseFirestore */; };
		49C8EEFE2AA98C3D00B2565B /* FirebaseFirestoreCombine-Community in Frameworks */ = {isa = PBXBuildFile; productRef = 49C8EEFD2AA98C3D00B2565B /* FirebaseFirestoreCombine-Community */; };
		49C8EF002AA98C3D00B2565B /* FirebaseFirestoreSwift in Frameworks */ = {isa = PBXBuildFile; productRef = 49C8EEFF2AA98C3D00B2565B /* FirebaseFirestoreSwift */; };
		49C8EF022AA98C3D00B2565B /* FirebaseFunctions in Frameworks */ = {isa = PBXBuildFile; productRef = 49C8EF012AA98C3D00B2565B /* FirebaseFunctions */; };
		49C8EF042AA98C3D00B2565B /* FirebaseFunctionsCombine-Community in Frameworks */ = {isa = PBXBuildFile; productRef = 49C8EF032AA98C3D00B2565B /* FirebaseFunctionsCombine-Community */; };
		49C8EF062AA98C3D00B2565B /* FirebaseInAppMessaging-Beta in Frameworks */ = {isa = PBXBuildFile; productRef = 49C8EF052AA98C3D00B2565B /* FirebaseInAppMessaging-Beta */; };
		49C8EF082AA98C3D00B2565B /* FirebaseInAppMessagingSwift-Beta in Frameworks */ = {isa = PBXBuildFile; productRef = 49C8EF072AA98C3D00B2565B /* FirebaseInAppMessagingSwift-Beta */; };
		49C8EF0A2AA98C3D00B2565B /* FirebaseInstallations in Frameworks */ = {isa = PBXBuildFile; productRef = 49C8EF092AA98C3D00B2565B /* FirebaseInstallations */; };
		49C8EF0C2AA98C3D00B2565B /* FirebaseMLModelDownloader in Frameworks */ = {isa = PBXBuildFile; productRef = 49C8EF0B2AA98C3D00B2565B /* FirebaseMLModelDownloader */; };
		49C8EF0E2AA98C3D00B2565B /* FirebaseMessaging in Frameworks */ = {isa = PBXBuildFile; productRef = 49C8EF0D2AA98C3D00B2565B /* FirebaseMessaging */; };
		49C8EF102AA98C3D00B2565B /* FirebasePerformance in Frameworks */ = {isa = PBXBuildFile; productRef = 49C8EF0F2AA98C3D00B2565B /* FirebasePerformance */; };
		49C8EF122AA98C3D00B2565B /* FirebaseRemoteConfig in Frameworks */ = {isa = PBXBuildFile; productRef = 49C8EF112AA98C3D00B2565B /* FirebaseRemoteConfig */; };
		49C8EF142AA98C3D00B2565B /* FirebaseRemoteConfigSwift in Frameworks */ = {isa = PBXBuildFile; productRef = 49C8EF132AA98C3D00B2565B /* FirebaseRemoteConfigSwift */; };
		49C8EF162AA98C3D00B2565B /* FirebaseStorage in Frameworks */ = {isa = PBXBuildFile; productRef = 49C8EF152AA98C3D00B2565B /* FirebaseStorage */; };
		49C8EF182AA98C3D00B2565B /* FirebaseStorageCombine-Community in Frameworks */ = {isa = PBXBuildFile; productRef = 49C8EF172AA98C3D00B2565B /* FirebaseStorageCombine-Community */; };
		49C8EF212AA9B02100B2565B /* DefaultColors.swift in Sources */ = {isa = PBXBuildFile; fileRef = 49C8EF202AA9B02100B2565B /* DefaultColors.swift */; };
		49E3039E2ABCCF23004C2A49 /* CustomNavBar.swift in Sources */ = {isa = PBXBuildFile; fileRef = 49E3039D2ABCCF23004C2A49 /* CustomNavBar.swift */; };
		49E303A42ABE4E69004C2A49 /* MainPodView.swift in Sources */ = {isa = PBXBuildFile; fileRef = 49E303A32ABE4E69004C2A49 /* MainPodView.swift */; };
		49E303A62ABE4E77004C2A49 /* MembersPodView.swift in Sources */ = {isa = PBXBuildFile; fileRef = 49E303A52ABE4E77004C2A49 /* MembersPodView.swift */; };
		49E303AA2AC122FB004C2A49 /* ChatPodView.swift in Sources */ = {isa = PBXBuildFile; fileRef = 49E303A92AC122FB004C2A49 /* ChatPodView.swift */; };
		49E303AC2AC12AAF004C2A49 /* TabBarPodView.swift in Sources */ = {isa = PBXBuildFile; fileRef = 49E303AB2AC12AAF004C2A49 /* TabBarPodView.swift */; };
		49E303AE2AC29885004C2A49 /* ProfileViewModel.swift in Sources */ = {isa = PBXBuildFile; fileRef = 49E303AD2AC29885004C2A49 /* ProfileViewModel.swift */; };
		49E303B02AC2A76F004C2A49 /* FriendsSystem.swift in Sources */ = {isa = PBXBuildFile; fileRef = 49E303AF2AC2A76F004C2A49 /* FriendsSystem.swift */; };
		49E303B32AC5473F004C2A49 /* FriendsViewModel.swift in Sources */ = {isa = PBXBuildFile; fileRef = 49E303B22AC5473F004C2A49 /* FriendsViewModel.swift */; };
		49E303B52AC633AF004C2A49 /* UserModel.swift in Sources */ = {isa = PBXBuildFile; fileRef = 49E303B42AC633AF004C2A49 /* UserModel.swift */; };
		49FDA9312AAD2D3C006E4059 /* CustomTextField.swift in Sources */ = {isa = PBXBuildFile; fileRef = 49FDA9302AAD2D3C006E4059 /* CustomTextField.swift */; };
		49FDA9342AAD985E006E4059 /* PermissionsManagerViewModel.swift in Sources */ = {isa = PBXBuildFile; fileRef = 49FDA9332AAD985E006E4059 /* PermissionsManagerViewModel.swift */; };
		49FEC1F12AADB54000F89C5C /* ScreenTimeTestView.swift in Sources */ = {isa = PBXBuildFile; fileRef = 49FEC1F02AADB54000F89C5C /* ScreenTimeTestView.swift */; };
		49FEC1FB2AAEC4DE00F89C5C /* ScreenTimeAppSelectViewModel.swift in Sources */ = {isa = PBXBuildFile; fileRef = 49FEC1FA2AAEC4DE00F89C5C /* ScreenTimeAppSelectViewModel.swift */; };
		49FEC1FE2AB030E100F89C5C /* PodsView.swift in Sources */ = {isa = PBXBuildFile; fileRef = 49FEC1FD2AB030E100F89C5C /* PodsView.swift */; };
		49FEC2002AB13DA800F89C5C /* ScreenTimeMonitorViewModel.swift in Sources */ = {isa = PBXBuildFile; fileRef = 49FEC1FF2AB13DA800F89C5C /* ScreenTimeMonitorViewModel.swift */; };
		49FEC2022AB1455400F89C5C /* ScreenTimeMonitorHandlerViewModel.swift in Sources */ = {isa = PBXBuildFile; fileRef = 49FEC2012AB1455400F89C5C /* ScreenTimeMonitorHandlerViewModel.swift */; };
		49FEC2042AB146D000F89C5C /* PodSelectionView.swift in Sources */ = {isa = PBXBuildFile; fileRef = 49FEC2032AB146D000F89C5C /* PodSelectionView.swift */; };
		49FEC20D2AB2DE1000F89C5C /* FriendsListView.swift in Sources */ = {isa = PBXBuildFile; fileRef = 49FEC20C2AB2DE1000F89C5C /* FriendsListView.swift */; };
		49FEC2102AB2DE2800F89C5C /* FriendsRequestView.swift in Sources */ = {isa = PBXBuildFile; fileRef = 49FEC20F2AB2DE2800F89C5C /* FriendsRequestView.swift */; };
		635849022AC8D25E00A6F8C4 /* PodViewModel.swift in Sources */ = {isa = PBXBuildFile; fileRef = 635849012AC8D25E00A6F8C4 /* PodViewModel.swift */; };
		635849042AC8E08200A6F8C4 /* podModel.swift in Sources */ = {isa = PBXBuildFile; fileRef = 635849032AC8E08200A6F8C4 /* podModel.swift */; };
		63DB831C2AC2A19C002E88BF /* PodFunctions.swift in Sources */ = {isa = PBXBuildFile; fileRef = 63DB831B2AC2A19C002E88BF /* PodFunctions.swift */; };
/* End PBXBuildFile section */

/* Begin PBXFileReference section */
		4986CECD2AB7F5DC00D1E259 /* SearchBar.swift */ = {isa = PBXFileReference; lastKnownFileType = sourcecode.swift; path = SearchBar.swift; sourceTree = "<group>"; };
		4986CECF2AB956AA00D1E259 /* SignUpViewModel.swift */ = {isa = PBXFileReference; fileEncoding = 4; lastKnownFileType = sourcecode.swift; path = SignUpViewModel.swift; sourceTree = "<group>"; };
		4986CED12AB956B200D1E259 /* LoginViewModel.swift */ = {isa = PBXFileReference; fileEncoding = 4; lastKnownFileType = sourcecode.swift; path = LoginViewModel.swift; sourceTree = "<group>"; };
		4986CED52AB9573400D1E259 /* AuthenticationManager.swift */ = {isa = PBXFileReference; fileEncoding = 4; lastKnownFileType = sourcecode.swift; path = AuthenticationManager.swift; sourceTree = "<group>"; };
		4995B0F62AA84933003A8E3A /* ScreenTimeSocialMedia.app */ = {isa = PBXFileReference; explicitFileType = wrapper.application; includeInIndex = 0; path = ScreenTimeSocialMedia.app; sourceTree = BUILT_PRODUCTS_DIR; };
		4995B0F92AA84933003A8E3A /* ScreenTimeSocialMediaApp.swift */ = {isa = PBXFileReference; lastKnownFileType = sourcecode.swift; path = ScreenTimeSocialMediaApp.swift; sourceTree = "<group>"; };
		4995B0FD2AA84934003A8E3A /* Assets.xcassets */ = {isa = PBXFileReference; lastKnownFileType = folder.assetcatalog; path = Assets.xcassets; sourceTree = "<group>"; };
		4995B1002AA84934003A8E3A /* Preview Assets.xcassets */ = {isa = PBXFileReference; lastKnownFileType = folder.assetcatalog; path = "Preview Assets.xcassets"; sourceTree = "<group>"; };
		4995B1082AA84997003A8E3A /* LoginView.swift */ = {isa = PBXFileReference; lastKnownFileType = sourcecode.swift; path = LoginView.swift; sourceTree = "<group>"; };
		4995B10A2AA849A2003A8E3A /* SignUpView.swift */ = {isa = PBXFileReference; lastKnownFileType = sourcecode.swift; path = SignUpView.swift; sourceTree = "<group>"; };
		4995B10C2AA849AD003A8E3A /* TabBarView.swift */ = {isa = PBXFileReference; lastKnownFileType = sourcecode.swift; path = TabBarView.swift; sourceTree = "<group>"; };
		4995B1112AA84A3F003A8E3A /* FriendsView.swift */ = {isa = PBXFileReference; lastKnownFileType = sourcecode.swift; path = FriendsView.swift; sourceTree = "<group>"; };
		4995B1132AA84A49003A8E3A /* HomeView.swift */ = {isa = PBXFileReference; lastKnownFileType = sourcecode.swift; path = HomeView.swift; sourceTree = "<group>"; };
		4995B1152AA84A54003A8E3A /* ProfileView.swift */ = {isa = PBXFileReference; lastKnownFileType = sourcecode.swift; path = ProfileView.swift; sourceTree = "<group>"; };
		49C8EEDE2AA97F7E00B2565B /* SettingsRowView.swift */ = {isa = PBXFileReference; lastKnownFileType = sourcecode.swift; path = SettingsRowView.swift; sourceTree = "<group>"; };
		49C8EEE02AA9877500B2565B /* GoogleService-Info.plist */ = {isa = PBXFileReference; lastKnownFileType = text.plist.xml; name = "GoogleService-Info.plist"; path = "ScreenTimeSocialMedia/GoogleService-Info.plist"; sourceTree = SOURCE_ROOT; };
		49C8EF202AA9B02100B2565B /* DefaultColors.swift */ = {isa = PBXFileReference; lastKnownFileType = sourcecode.swift; path = DefaultColors.swift; sourceTree = "<group>"; };
		49E3039D2ABCCF23004C2A49 /* CustomNavBar.swift */ = {isa = PBXFileReference; lastKnownFileType = sourcecode.swift; path = CustomNavBar.swift; sourceTree = "<group>"; };
		49E303A32ABE4E69004C2A49 /* MainPodView.swift */ = {isa = PBXFileReference; lastKnownFileType = sourcecode.swift; path = MainPodView.swift; sourceTree = "<group>"; };
		49E303A52ABE4E77004C2A49 /* MembersPodView.swift */ = {isa = PBXFileReference; lastKnownFileType = sourcecode.swift; path = MembersPodView.swift; sourceTree = "<group>"; };
		49E303A92AC122FB004C2A49 /* ChatPodView.swift */ = {isa = PBXFileReference; lastKnownFileType = sourcecode.swift; path = ChatPodView.swift; sourceTree = "<group>"; };
		49E303AB2AC12AAF004C2A49 /* TabBarPodView.swift */ = {isa = PBXFileReference; lastKnownFileType = sourcecode.swift; path = TabBarPodView.swift; sourceTree = "<group>"; };
		49E303AD2AC29885004C2A49 /* ProfileViewModel.swift */ = {isa = PBXFileReference; lastKnownFileType = sourcecode.swift; path = ProfileViewModel.swift; sourceTree = "<group>"; };
		49E303AF2AC2A76F004C2A49 /* FriendsSystem.swift */ = {isa = PBXFileReference; lastKnownFileType = sourcecode.swift; path = FriendsSystem.swift; sourceTree = "<group>"; };
		49E303B22AC5473F004C2A49 /* FriendsViewModel.swift */ = {isa = PBXFileReference; lastKnownFileType = sourcecode.swift; path = FriendsViewModel.swift; sourceTree = "<group>"; };
		49E303B42AC633AF004C2A49 /* UserModel.swift */ = {isa = PBXFileReference; lastKnownFileType = sourcecode.swift; path = UserModel.swift; sourceTree = "<group>"; };
		49FDA9302AAD2D3C006E4059 /* CustomTextField.swift */ = {isa = PBXFileReference; lastKnownFileType = sourcecode.swift; path = CustomTextField.swift; sourceTree = "<group>"; };
		49FDA9322AAD9633006E4059 /* ScreenTimeSocialMedia.entitlements */ = {isa = PBXFileReference; lastKnownFileType = text.plist.entitlements; path = ScreenTimeSocialMedia.entitlements; sourceTree = "<group>"; };
		49FDA9332AAD985E006E4059 /* PermissionsManagerViewModel.swift */ = {isa = PBXFileReference; lastKnownFileType = sourcecode.swift; path = PermissionsManagerViewModel.swift; sourceTree = "<group>"; };
		49FEC1F02AADB54000F89C5C /* ScreenTimeTestView.swift */ = {isa = PBXFileReference; lastKnownFileType = sourcecode.swift; path = ScreenTimeTestView.swift; sourceTree = "<group>"; };
		49FEC1FA2AAEC4DE00F89C5C /* ScreenTimeAppSelectViewModel.swift */ = {isa = PBXFileReference; lastKnownFileType = sourcecode.swift; path = ScreenTimeAppSelectViewModel.swift; sourceTree = "<group>"; };
		49FEC1FD2AB030E100F89C5C /* PodsView.swift */ = {isa = PBXFileReference; lastKnownFileType = sourcecode.swift; path = PodsView.swift; sourceTree = "<group>"; };
		49FEC1FF2AB13DA800F89C5C /* ScreenTimeMonitorViewModel.swift */ = {isa = PBXFileReference; lastKnownFileType = sourcecode.swift; path = ScreenTimeMonitorViewModel.swift; sourceTree = "<group>"; };
		49FEC2012AB1455400F89C5C /* ScreenTimeMonitorHandlerViewModel.swift */ = {isa = PBXFileReference; lastKnownFileType = sourcecode.swift; path = ScreenTimeMonitorHandlerViewModel.swift; sourceTree = "<group>"; };
		49FEC2032AB146D000F89C5C /* PodSelectionView.swift */ = {isa = PBXFileReference; lastKnownFileType = sourcecode.swift; path = PodSelectionView.swift; sourceTree = "<group>"; };
		49FEC20C2AB2DE1000F89C5C /* FriendsListView.swift */ = {isa = PBXFileReference; lastKnownFileType = sourcecode.swift; path = FriendsListView.swift; sourceTree = "<group>"; };
		49FEC20F2AB2DE2800F89C5C /* FriendsRequestView.swift */ = {isa = PBXFileReference; lastKnownFileType = sourcecode.swift; path = FriendsRequestView.swift; sourceTree = "<group>"; };
		635849012AC8D25E00A6F8C4 /* PodViewModel.swift */ = {isa = PBXFileReference; lastKnownFileType = sourcecode.swift; path = PodViewModel.swift; sourceTree = "<group>"; };
		635849032AC8E08200A6F8C4 /* podModel.swift */ = {isa = PBXFileReference; lastKnownFileType = sourcecode.swift; path = podModel.swift; sourceTree = "<group>"; };
		63DB831B2AC2A19C002E88BF /* PodFunctions.swift */ = {isa = PBXFileReference; lastKnownFileType = sourcecode.swift; path = PodFunctions.swift; sourceTree = "<group>"; };
/* End PBXFileReference section */

/* Begin PBXFrameworksBuildPhase section */
		4995B0F32AA84933003A8E3A /* Frameworks */ = {
			isa = PBXFrameworksBuildPhase;
			buildActionMask = 2147483647;
			files = (
				49C8EEF62AA98C3D00B2565B /* FirebaseDatabase in Frameworks */,
				49C8EF042AA98C3D00B2565B /* FirebaseFunctionsCombine-Community in Frameworks */,
				49C8EEFC2AA98C3D00B2565B /* FirebaseFirestore in Frameworks */,
				49C8EEE82AA98C3D00B2565B /* FirebaseAnalyticsSwift in Frameworks */,
				49C8EEE42AA98C3D00B2565B /* FirebaseAnalytics in Frameworks */,
				49C8EEE62AA98C3D00B2565B /* FirebaseAnalyticsOnDeviceConversion in Frameworks */,
				49C8EF0C2AA98C3D00B2565B /* FirebaseMLModelDownloader in Frameworks */,
				49C8EF002AA98C3D00B2565B /* FirebaseFirestoreSwift in Frameworks */,
				49C8EEEC2AA98C3D00B2565B /* FirebaseAppCheck in Frameworks */,
				49C8EEEA2AA98C3D00B2565B /* FirebaseAnalyticsWithoutAdIdSupport in Frameworks */,
				49C8EEF02AA98C3D00B2565B /* FirebaseAuth in Frameworks */,
				49C8EEF42AA98C3D00B2565B /* FirebaseCrashlytics in Frameworks */,
				49C8EF142AA98C3D00B2565B /* FirebaseRemoteConfigSwift in Frameworks */,
				49C8EF062AA98C3D00B2565B /* FirebaseInAppMessaging-Beta in Frameworks */,
				49C8EEF82AA98C3D00B2565B /* FirebaseDatabaseSwift in Frameworks */,
				49C8EF022AA98C3D00B2565B /* FirebaseFunctions in Frameworks */,
				49C8EF182AA98C3D00B2565B /* FirebaseStorageCombine-Community in Frameworks */,
				49C8EF122AA98C3D00B2565B /* FirebaseRemoteConfig in Frameworks */,
				49C8EEEE2AA98C3D00B2565B /* FirebaseAppDistribution-Beta in Frameworks */,
				49C8EEF22AA98C3D00B2565B /* FirebaseAuthCombine-Community in Frameworks */,
				49C8EF102AA98C3D00B2565B /* FirebasePerformance in Frameworks */,
				49C8EF082AA98C3D00B2565B /* FirebaseInAppMessagingSwift-Beta in Frameworks */,
				49C8EF162AA98C3D00B2565B /* FirebaseStorage in Frameworks */,
				49C8EEFA2AA98C3D00B2565B /* FirebaseDynamicLinks in Frameworks */,
				49C8EEFE2AA98C3D00B2565B /* FirebaseFirestoreCombine-Community in Frameworks */,
				49C8EF0E2AA98C3D00B2565B /* FirebaseMessaging in Frameworks */,
				49C8EF0A2AA98C3D00B2565B /* FirebaseInstallations in Frameworks */,
			);
			runOnlyForDeploymentPostprocessing = 0;
		};
/* End PBXFrameworksBuildPhase section */

/* Begin PBXGroup section */
		4995B0ED2AA84933003A8E3A = {
			isa = PBXGroup;
			children = (
				4995B0F82AA84933003A8E3A /* ScreenTimeSocialMedia */,
				4995B0F72AA84933003A8E3A /* Products */,
			);
			sourceTree = "<group>";
		};
		4995B0F72AA84933003A8E3A /* Products */ = {
			isa = PBXGroup;
			children = (
				4995B0F62AA84933003A8E3A /* ScreenTimeSocialMedia.app */,
			);
			name = Products;
			sourceTree = "<group>";
		};
		4995B0F82AA84933003A8E3A /* ScreenTimeSocialMedia */ = {
			isa = PBXGroup;
			children = (
				49FDA9322AAD9633006E4059 /* ScreenTimeSocialMedia.entitlements */,
				49C8EEDA2AA97BC300B2565B /* App */,
				49C8EEDB2AA97BD600B2565B /* Components */,
				49C8EED92AA97BB300B2565B /* Core */,
				49E303B12AC4C41E004C2A49 /* FriendsSystem */,
				49FEC1FC2AAEF59900F89C5C /* UserData */,
				63DB831A2AC2A158002E88BF /* Database */,
				4995B0FD2AA84934003A8E3A /* Assets.xcassets */,
				4995B0FF2AA84934003A8E3A /* Preview Content */,
				49C8EEE02AA9877500B2565B /* GoogleService-Info.plist */,
			);
			path = ScreenTimeSocialMedia;
			sourceTree = "<group>";
		};
		4995B0FF2AA84934003A8E3A /* Preview Content */ = {
			isa = PBXGroup;
			children = (
				4995B1002AA84934003A8E3A /* Preview Assets.xcassets */,
			);
			path = "Preview Content";
			sourceTree = "<group>";
		};
		49C8EED92AA97BB300B2565B /* Core */ = {
			isa = PBXGroup;
			children = (
				49C8EEDD2AA97C1C00B2565B /* Tabs */,
				49C8EEDC2AA97BEF00B2565B /* Authentication */,
			);
			path = Core;
			sourceTree = "<group>";
		};
		49C8EEDA2AA97BC300B2565B /* App */ = {
			isa = PBXGroup;
			children = (
				4995B0F92AA84933003A8E3A /* ScreenTimeSocialMediaApp.swift */,
			);
			path = App;
			sourceTree = "<group>";
		};
		49C8EEDB2AA97BD600B2565B /* Components */ = {
			isa = PBXGroup;
			children = (
				49C8EEDE2AA97F7E00B2565B /* SettingsRowView.swift */,
				49C8EF202AA9B02100B2565B /* DefaultColors.swift */,
				49FDA9302AAD2D3C006E4059 /* CustomTextField.swift */,
				4986CECD2AB7F5DC00D1E259 /* SearchBar.swift */,
				49E3039D2ABCCF23004C2A49 /* CustomNavBar.swift */,
			);
			path = Components;
			sourceTree = "<group>";
		};
		49C8EEDC2AA97BEF00B2565B /* Authentication */ = {
			isa = PBXGroup;
			children = (
				49C8EF1A2AA9923B00B2565B /* ViewModels */,
				49C8EF192AA9923400B2565B /* Views */,
			);
			path = Authentication;
			sourceTree = "<group>";
		};
		49C8EEDD2AA97C1C00B2565B /* Tabs */ = {
			isa = PBXGroup;
			children = (
				4995B10C2AA849AD003A8E3A /* TabBarView.swift */,
				49FEC2062AB15B0200F89C5C /* ViewModels */,
				49FEC2052AB15AEC00F89C5C /* Views */,
			);
			path = Tabs;
			sourceTree = "<group>";
		};
		49C8EF192AA9923400B2565B /* Views */ = {
			isa = PBXGroup;
			children = (
				4995B1082AA84997003A8E3A /* LoginView.swift */,
				4995B10A2AA849A2003A8E3A /* SignUpView.swift */,
				49FEC1F02AADB54000F89C5C /* ScreenTimeTestView.swift */,
			);
			path = Views;
			sourceTree = "<group>";
		};
		49C8EF1A2AA9923B00B2565B /* ViewModels */ = {
			isa = PBXGroup;
			children = (
				4986CED52AB9573400D1E259 /* AuthenticationManager.swift */,
				49FDA9332AAD985E006E4059 /* PermissionsManagerViewModel.swift */,
				4986CECF2AB956AA00D1E259 /* SignUpViewModel.swift */,
				4986CED12AB956B200D1E259 /* LoginViewModel.swift */,
			);
			path = ViewModels;
			sourceTree = "<group>";
		};
		49E3039A2ABBB4A5004C2A49 /* Pods */ = {
			isa = PBXGroup;
			children = (
				49E303AB2AC12AAF004C2A49 /* TabBarPodView.swift */,
				49E303A32ABE4E69004C2A49 /* MainPodView.swift */,
				49E303A52ABE4E77004C2A49 /* MembersPodView.swift */,
				49E303A92AC122FB004C2A49 /* ChatPodView.swift */,
			);
			path = Pods;
			sourceTree = "<group>";
		};
		49E303B12AC4C41E004C2A49 /* FriendsSystem */ = {
			isa = PBXGroup;
			children = (
				49E303AF2AC2A76F004C2A49 /* FriendsSystem.swift */,
				49E303B42AC633AF004C2A49 /* UserModel.swift */,
			);
			path = FriendsSystem;
			sourceTree = "<group>";
		};
		49FDA9352AAD9E2C006E4059 /* ScreenTime */ = {
			isa = PBXGroup;
			children = (
				49FEC1FA2AAEC4DE00F89C5C /* ScreenTimeAppSelectViewModel.swift */,
				49FEC1FF2AB13DA800F89C5C /* ScreenTimeMonitorViewModel.swift */,
				49FEC2012AB1455400F89C5C /* ScreenTimeMonitorHandlerViewModel.swift */,
			);
			path = ScreenTime;
			sourceTree = "<group>";
		};
		49FEC1FC2AAEF59900F89C5C /* UserData */ = {
			isa = PBXGroup;
			children = (
				49FDA9352AAD9E2C006E4059 /* ScreenTime */,
			);
			path = UserData;
			sourceTree = "<group>";
		};
		49FEC2052AB15AEC00F89C5C /* Views */ = {
			isa = PBXGroup;
			children = (
				4995B1132AA84A49003A8E3A /* HomeView.swift */,
				49FEC1FD2AB030E100F89C5C /* PodsView.swift */,
				49FEC2032AB146D000F89C5C /* PodSelectionView.swift */,
				49E3039A2ABBB4A5004C2A49 /* Pods */,
				4995B1112AA84A3F003A8E3A /* FriendsView.swift */,
				49FEC2092AB2DDD900F89C5C /* FriendsTabs */,
				4995B1152AA84A54003A8E3A /* ProfileView.swift */,
			);
			path = Views;
			sourceTree = "<group>";
		};
		49FEC2062AB15B0200F89C5C /* ViewModels */ = {
			isa = PBXGroup;
			children = (
				49E303AD2AC29885004C2A49 /* ProfileViewModel.swift */,
				49E303B22AC5473F004C2A49 /* FriendsViewModel.swift */,
				635849012AC8D25E00A6F8C4 /* PodViewModel.swift */,
			);
			path = ViewModels;
			sourceTree = "<group>";
		};
		49FEC2092AB2DDD900F89C5C /* FriendsTabs */ = {
			isa = PBXGroup;
			children = (
				49FEC20C2AB2DE1000F89C5C /* FriendsListView.swift */,
				49FEC20F2AB2DE2800F89C5C /* FriendsRequestView.swift */,
			);
			path = FriendsTabs;
			sourceTree = "<group>";
		};
		63DB831A2AC2A158002E88BF /* Database */ = {
			isa = PBXGroup;
			children = (
				63DB831B2AC2A19C002E88BF /* PodFunctions.swift */,
				635849032AC8E08200A6F8C4 /* podModel.swift */,
			);
			path = Database;
			sourceTree = "<group>";
		};
/* End PBXGroup section */

/* Begin PBXNativeTarget section */
		4995B0F52AA84933003A8E3A /* ScreenTimeSocialMedia */ = {
			isa = PBXNativeTarget;
			buildConfigurationList = 4995B1042AA84934003A8E3A /* Build configuration list for PBXNativeTarget "ScreenTimeSocialMedia" */;
			buildPhases = (
				4995B0F22AA84933003A8E3A /* Sources */,
				4995B0F32AA84933003A8E3A /* Frameworks */,
				4995B0F42AA84933003A8E3A /* Resources */,
			);
			buildRules = (
			);
			dependencies = (
			);
			name = ScreenTimeSocialMedia;
			packageProductDependencies = (
				49C8EEE32AA98C3D00B2565B /* FirebaseAnalytics */,
				49C8EEE52AA98C3D00B2565B /* FirebaseAnalyticsOnDeviceConversion */,
				49C8EEE72AA98C3D00B2565B /* FirebaseAnalyticsSwift */,
				49C8EEE92AA98C3D00B2565B /* FirebaseAnalyticsWithoutAdIdSupport */,
				49C8EEEB2AA98C3D00B2565B /* FirebaseAppCheck */,
				49C8EEED2AA98C3D00B2565B /* FirebaseAppDistribution-Beta */,
				49C8EEEF2AA98C3D00B2565B /* FirebaseAuth */,
				49C8EEF12AA98C3D00B2565B /* FirebaseAuthCombine-Community */,
				49C8EEF32AA98C3D00B2565B /* FirebaseCrashlytics */,
				49C8EEF52AA98C3D00B2565B /* FirebaseDatabase */,
				49C8EEF72AA98C3D00B2565B /* FirebaseDatabaseSwift */,
				49C8EEF92AA98C3D00B2565B /* FirebaseDynamicLinks */,
				49C8EEFB2AA98C3D00B2565B /* FirebaseFirestore */,
				49C8EEFD2AA98C3D00B2565B /* FirebaseFirestoreCombine-Community */,
				49C8EEFF2AA98C3D00B2565B /* FirebaseFirestoreSwift */,
				49C8EF012AA98C3D00B2565B /* FirebaseFunctions */,
				49C8EF032AA98C3D00B2565B /* FirebaseFunctionsCombine-Community */,
				49C8EF052AA98C3D00B2565B /* FirebaseInAppMessaging-Beta */,
				49C8EF072AA98C3D00B2565B /* FirebaseInAppMessagingSwift-Beta */,
				49C8EF092AA98C3D00B2565B /* FirebaseInstallations */,
				49C8EF0B2AA98C3D00B2565B /* FirebaseMLModelDownloader */,
				49C8EF0D2AA98C3D00B2565B /* FirebaseMessaging */,
				49C8EF0F2AA98C3D00B2565B /* FirebasePerformance */,
				49C8EF112AA98C3D00B2565B /* FirebaseRemoteConfig */,
				49C8EF132AA98C3D00B2565B /* FirebaseRemoteConfigSwift */,
				49C8EF152AA98C3D00B2565B /* FirebaseStorage */,
				49C8EF172AA98C3D00B2565B /* FirebaseStorageCombine-Community */,
			);
			productName = ScreenTimeSocialMedia;
			productReference = 4995B0F62AA84933003A8E3A /* ScreenTimeSocialMedia.app */;
			productType = "com.apple.product-type.application";
		};
/* End PBXNativeTarget section */

/* Begin PBXProject section */
		4995B0EE2AA84933003A8E3A /* Project object */ = {
			isa = PBXProject;
			attributes = {
				BuildIndependentTargetsInParallel = 1;
				LastSwiftUpdateCheck = 1500;
				LastUpgradeCheck = 1500;
				TargetAttributes = {
					4995B0F52AA84933003A8E3A = {
						CreatedOnToolsVersion = 15.0;
					};
				};
			};
			buildConfigurationList = 4995B0F12AA84933003A8E3A /* Build configuration list for PBXProject "ScreenTimeSocialMedia" */;
			compatibilityVersion = "Xcode 14.0";
			developmentRegion = en;
			hasScannedForEncodings = 0;
			knownRegions = (
				en,
				Base,
			);
			mainGroup = 4995B0ED2AA84933003A8E3A;
			packageReferences = (
				49C8EEE22AA98C3D00B2565B /* XCRemoteSwiftPackageReference "firebase-ios-sdk" */,
			);
			productRefGroup = 4995B0F72AA84933003A8E3A /* Products */;
			projectDirPath = "";
			projectRoot = "";
			targets = (
				4995B0F52AA84933003A8E3A /* ScreenTimeSocialMedia */,
			);
		};
/* End PBXProject section */

/* Begin PBXResourcesBuildPhase section */
		4995B0F42AA84933003A8E3A /* Resources */ = {
			isa = PBXResourcesBuildPhase;
			buildActionMask = 2147483647;
			files = (
				4995B1012AA84934003A8E3A /* Preview Assets.xcassets in Resources */,
				4995B0FE2AA84934003A8E3A /* Assets.xcassets in Resources */,
				49C8EEE12AA9877500B2565B /* GoogleService-Info.plist in Resources */,
			);
			runOnlyForDeploymentPostprocessing = 0;
		};
/* End PBXResourcesBuildPhase section */

/* Begin PBXSourcesBuildPhase section */
		4995B0F22AA84933003A8E3A /* Sources */ = {
			isa = PBXSourcesBuildPhase;
			buildActionMask = 2147483647;
			files = (
				49E303A62ABE4E77004C2A49 /* MembersPodView.swift in Sources */,
				49E303AC2AC12AAF004C2A49 /* TabBarPodView.swift in Sources */,
				49FEC2042AB146D000F89C5C /* PodSelectionView.swift in Sources */,
				49FEC2102AB2DE2800F89C5C /* FriendsRequestView.swift in Sources */,
				49FDA9312AAD2D3C006E4059 /* CustomTextField.swift in Sources */,
				4995B10B2AA849A2003A8E3A /* SignUpView.swift in Sources */,
				4995B1162AA84A54003A8E3A /* ProfileView.swift in Sources */,
				63DB831C2AC2A19C002E88BF /* PodFunctions.swift in Sources */,
				49C8EEDF2AA97F7E00B2565B /* SettingsRowView.swift in Sources */,
				49E303B32AC5473F004C2A49 /* FriendsViewModel.swift in Sources */,
				4995B1092AA84997003A8E3A /* LoginView.swift in Sources */,
				49FEC20D2AB2DE1000F89C5C /* FriendsListView.swift in Sources */,
				4995B10D2AA849AD003A8E3A /* TabBarView.swift in Sources */,
				4986CED62AB9573400D1E259 /* AuthenticationManager.swift in Sources */,
				4995B1122AA84A3F003A8E3A /* FriendsView.swift in Sources */,
				4995B1142AA84A49003A8E3A /* HomeView.swift in Sources */,
				49FEC1FB2AAEC4DE00F89C5C /* ScreenTimeAppSelectViewModel.swift in Sources */,
				635849042AC8E08200A6F8C4 /* podModel.swift in Sources */,
				49E3039E2ABCCF23004C2A49 /* CustomNavBar.swift in Sources */,
				4986CED02AB956AA00D1E259 /* SignUpViewModel.swift in Sources */,
				49FDA9342AAD985E006E4059 /* PermissionsManagerViewModel.swift in Sources */,
				49FEC1F12AADB54000F89C5C /* ScreenTimeTestView.swift in Sources */,
				49E303AA2AC122FB004C2A49 /* ChatPodView.swift in Sources */,
				4986CECE2AB7F5DC00D1E259 /* SearchBar.swift in Sources */,
				49C8EF212AA9B02100B2565B /* DefaultColors.swift in Sources */,
				49E303A42ABE4E69004C2A49 /* MainPodView.swift in Sources */,
				4995B0FA2AA84933003A8E3A /* ScreenTimeSocialMediaApp.swift in Sources */,
				49E303AE2AC29885004C2A49 /* ProfileViewModel.swift in Sources */,
				49E303B52AC633AF004C2A49 /* UserModel.swift in Sources */,
				49FEC2002AB13DA800F89C5C /* ScreenTimeMonitorViewModel.swift in Sources */,
				4986CED22AB956B200D1E259 /* LoginViewModel.swift in Sources */,
				635849022AC8D25E00A6F8C4 /* PodViewModel.swift in Sources */,
				49FEC2022AB1455400F89C5C /* ScreenTimeMonitorHandlerViewModel.swift in Sources */,
				49E303B02AC2A76F004C2A49 /* FriendsSystem.swift in Sources */,
				49FEC1FE2AB030E100F89C5C /* PodsView.swift in Sources */,
			);
			runOnlyForDeploymentPostprocessing = 0;
		};
/* End PBXSourcesBuildPhase section */

/* Begin XCBuildConfiguration section */
		4995B1022AA84934003A8E3A /* Debug */ = {
			isa = XCBuildConfiguration;
			buildSettings = {
				ALWAYS_SEARCH_USER_PATHS = NO;
				ASSETCATALOG_COMPILER_GENERATE_SWIFT_ASSET_SYMBOL_EXTENSIONS = YES;
				CLANG_ANALYZER_NONNULL = YES;
				CLANG_ANALYZER_NUMBER_OBJECT_CONVERSION = YES_AGGRESSIVE;
				CLANG_CXX_LANGUAGE_STANDARD = "gnu++20";
				CLANG_ENABLE_MODULES = YES;
				CLANG_ENABLE_OBJC_ARC = YES;
				CLANG_ENABLE_OBJC_WEAK = YES;
				CLANG_WARN_BLOCK_CAPTURE_AUTORELEASING = YES;
				CLANG_WARN_BOOL_CONVERSION = YES;
				CLANG_WARN_COMMA = YES;
				CLANG_WARN_CONSTANT_CONVERSION = YES;
				CLANG_WARN_DEPRECATED_OBJC_IMPLEMENTATIONS = YES;
				CLANG_WARN_DIRECT_OBJC_ISA_USAGE = YES_ERROR;
				CLANG_WARN_DOCUMENTATION_COMMENTS = YES;
				CLANG_WARN_EMPTY_BODY = YES;
				CLANG_WARN_ENUM_CONVERSION = YES;
				CLANG_WARN_INFINITE_RECURSION = YES;
				CLANG_WARN_INT_CONVERSION = YES;
				CLANG_WARN_NON_LITERAL_NULL_CONVERSION = YES;
				CLANG_WARN_OBJC_IMPLICIT_RETAIN_SELF = YES;
				CLANG_WARN_OBJC_LITERAL_CONVERSION = YES;
				CLANG_WARN_OBJC_ROOT_CLASS = YES_ERROR;
				CLANG_WARN_QUOTED_INCLUDE_IN_FRAMEWORK_HEADER = YES;
				CLANG_WARN_RANGE_LOOP_ANALYSIS = YES;
				CLANG_WARN_STRICT_PROTOTYPES = YES;
				CLANG_WARN_SUSPICIOUS_MOVE = YES;
				CLANG_WARN_UNGUARDED_AVAILABILITY = YES_AGGRESSIVE;
				CLANG_WARN_UNREACHABLE_CODE = YES;
				CLANG_WARN__DUPLICATE_METHOD_MATCH = YES;
				COPY_PHASE_STRIP = NO;
				DEBUG_INFORMATION_FORMAT = dwarf;
				ENABLE_STRICT_OBJC_MSGSEND = YES;
				ENABLE_TESTABILITY = YES;
				ENABLE_USER_SCRIPT_SANDBOXING = YES;
				GCC_C_LANGUAGE_STANDARD = gnu17;
				GCC_DYNAMIC_NO_PIC = NO;
				GCC_NO_COMMON_BLOCKS = YES;
				GCC_OPTIMIZATION_LEVEL = 0;
				GCC_PREPROCESSOR_DEFINITIONS = (
					"DEBUG=1",
					"$(inherited)",
				);
				GCC_WARN_64_TO_32_BIT_CONVERSION = YES;
				GCC_WARN_ABOUT_RETURN_TYPE = YES_ERROR;
				GCC_WARN_UNDECLARED_SELECTOR = YES;
				GCC_WARN_UNINITIALIZED_AUTOS = YES_AGGRESSIVE;
				GCC_WARN_UNUSED_FUNCTION = YES;
				GCC_WARN_UNUSED_VARIABLE = YES;
				IPHONEOS_DEPLOYMENT_TARGET = 17.0;
				LOCALIZATION_PREFERS_STRING_CATALOGS = YES;
				MTL_ENABLE_DEBUG_INFO = INCLUDE_SOURCE;
				MTL_FAST_MATH = YES;
				ONLY_ACTIVE_ARCH = YES;
				SDKROOT = iphoneos;
				SWIFT_ACTIVE_COMPILATION_CONDITIONS = "DEBUG $(inherited)";
				SWIFT_OPTIMIZATION_LEVEL = "-Onone";
			};
			name = Debug;
		};
		4995B1032AA84934003A8E3A /* Release */ = {
			isa = XCBuildConfiguration;
			buildSettings = {
				ALWAYS_SEARCH_USER_PATHS = NO;
				ASSETCATALOG_COMPILER_GENERATE_SWIFT_ASSET_SYMBOL_EXTENSIONS = YES;
				CLANG_ANALYZER_NONNULL = YES;
				CLANG_ANALYZER_NUMBER_OBJECT_CONVERSION = YES_AGGRESSIVE;
				CLANG_CXX_LANGUAGE_STANDARD = "gnu++20";
				CLANG_ENABLE_MODULES = YES;
				CLANG_ENABLE_OBJC_ARC = YES;
				CLANG_ENABLE_OBJC_WEAK = YES;
				CLANG_WARN_BLOCK_CAPTURE_AUTORELEASING = YES;
				CLANG_WARN_BOOL_CONVERSION = YES;
				CLANG_WARN_COMMA = YES;
				CLANG_WARN_CONSTANT_CONVERSION = YES;
				CLANG_WARN_DEPRECATED_OBJC_IMPLEMENTATIONS = YES;
				CLANG_WARN_DIRECT_OBJC_ISA_USAGE = YES_ERROR;
				CLANG_WARN_DOCUMENTATION_COMMENTS = YES;
				CLANG_WARN_EMPTY_BODY = YES;
				CLANG_WARN_ENUM_CONVERSION = YES;
				CLANG_WARN_INFINITE_RECURSION = YES;
				CLANG_WARN_INT_CONVERSION = YES;
				CLANG_WARN_NON_LITERAL_NULL_CONVERSION = YES;
				CLANG_WARN_OBJC_IMPLICIT_RETAIN_SELF = YES;
				CLANG_WARN_OBJC_LITERAL_CONVERSION = YES;
				CLANG_WARN_OBJC_ROOT_CLASS = YES_ERROR;
				CLANG_WARN_QUOTED_INCLUDE_IN_FRAMEWORK_HEADER = YES;
				CLANG_WARN_RANGE_LOOP_ANALYSIS = YES;
				CLANG_WARN_STRICT_PROTOTYPES = YES;
				CLANG_WARN_SUSPICIOUS_MOVE = YES;
				CLANG_WARN_UNGUARDED_AVAILABILITY = YES_AGGRESSIVE;
				CLANG_WARN_UNREACHABLE_CODE = YES;
				CLANG_WARN__DUPLICATE_METHOD_MATCH = YES;
				COPY_PHASE_STRIP = NO;
				DEBUG_INFORMATION_FORMAT = "dwarf-with-dsym";
				ENABLE_NS_ASSERTIONS = NO;
				ENABLE_STRICT_OBJC_MSGSEND = YES;
				ENABLE_USER_SCRIPT_SANDBOXING = YES;
				GCC_C_LANGUAGE_STANDARD = gnu17;
				GCC_NO_COMMON_BLOCKS = YES;
				GCC_WARN_64_TO_32_BIT_CONVERSION = YES;
				GCC_WARN_ABOUT_RETURN_TYPE = YES_ERROR;
				GCC_WARN_UNDECLARED_SELECTOR = YES;
				GCC_WARN_UNINITIALIZED_AUTOS = YES_AGGRESSIVE;
				GCC_WARN_UNUSED_FUNCTION = YES;
				GCC_WARN_UNUSED_VARIABLE = YES;
				IPHONEOS_DEPLOYMENT_TARGET = 17.0;
				LOCALIZATION_PREFERS_STRING_CATALOGS = YES;
				MTL_ENABLE_DEBUG_INFO = NO;
				MTL_FAST_MATH = YES;
				SDKROOT = iphoneos;
				SWIFT_COMPILATION_MODE = wholemodule;
				VALIDATE_PRODUCT = YES;
			};
			name = Release;
		};
		4995B1052AA84934003A8E3A /* Debug */ = {
			isa = XCBuildConfiguration;
			buildSettings = {
				ASSETCATALOG_COMPILER_APPICON_NAME = AppIcon;
				ASSETCATALOG_COMPILER_GLOBAL_ACCENT_COLOR_NAME = AccentColor;
				CODE_SIGN_ENTITLEMENTS = ScreenTimeSocialMedia/ScreenTimeSocialMedia.entitlements;
				CODE_SIGN_IDENTITY = "Apple Development";
				CODE_SIGN_STYLE = Automatic;
				CURRENT_PROJECT_VERSION = 1;
				DEVELOPMENT_ASSET_PATHS = "\"ScreenTimeSocialMedia/Preview Content\"";
				DEVELOPMENT_TEAM = GB457U8UXN;
				ENABLE_PREVIEWS = YES;
				GENERATE_INFOPLIST_FILE = YES;
				INFOPLIST_KEY_UIApplicationSceneManifest_Generation = YES;
				INFOPLIST_KEY_UIApplicationSupportsIndirectInputEvents = YES;
				INFOPLIST_KEY_UILaunchScreen_Generation = YES;
				INFOPLIST_KEY_UISupportedInterfaceOrientations_iPad = "UIInterfaceOrientationPortrait UIInterfaceOrientationPortraitUpsideDown UIInterfaceOrientationLandscapeLeft UIInterfaceOrientationLandscapeRight";
				INFOPLIST_KEY_UISupportedInterfaceOrientations_iPhone = "UIInterfaceOrientationPortrait UIInterfaceOrientationLandscapeLeft UIInterfaceOrientationLandscapeRight";
				LD_RUNPATH_SEARCH_PATHS = (
					"$(inherited)",
					"@executable_path/Frameworks",
				);
				MARKETING_VERSION = 1.0;
				PRODUCT_BUNDLE_IDENTIFIER = com.Slugs.ScreenTimeSocialMedia;
				PRODUCT_NAME = "$(TARGET_NAME)";
				PROVISIONING_PROFILE_SPECIFIER = "";
				SWIFT_EMIT_LOC_STRINGS = YES;
				SWIFT_VERSION = 5.0;
				TARGETED_DEVICE_FAMILY = "1,2";
			};
			name = Debug;
		};
		4995B1062AA84934003A8E3A /* Release */ = {
			isa = XCBuildConfiguration;
			buildSettings = {
				ASSETCATALOG_COMPILER_APPICON_NAME = AppIcon;
				ASSETCATALOG_COMPILER_GLOBAL_ACCENT_COLOR_NAME = AccentColor;
				CODE_SIGN_ENTITLEMENTS = ScreenTimeSocialMedia/ScreenTimeSocialMedia.entitlements;
				CODE_SIGN_IDENTITY = "Apple Development";
				CODE_SIGN_STYLE = Automatic;
				CURRENT_PROJECT_VERSION = 1;
				DEVELOPMENT_ASSET_PATHS = "\"ScreenTimeSocialMedia/Preview Content\"";
				DEVELOPMENT_TEAM = GB457U8UXN;
				ENABLE_PREVIEWS = YES;
				GENERATE_INFOPLIST_FILE = YES;
				INFOPLIST_KEY_UIApplicationSceneManifest_Generation = YES;
				INFOPLIST_KEY_UIApplicationSupportsIndirectInputEvents = YES;
				INFOPLIST_KEY_UILaunchScreen_Generation = YES;
				INFOPLIST_KEY_UISupportedInterfaceOrientations_iPad = "UIInterfaceOrientationPortrait UIInterfaceOrientationPortraitUpsideDown UIInterfaceOrientationLandscapeLeft UIInterfaceOrientationLandscapeRight";
				INFOPLIST_KEY_UISupportedInterfaceOrientations_iPhone = "UIInterfaceOrientationPortrait UIInterfaceOrientationLandscapeLeft UIInterfaceOrientationLandscapeRight";
				LD_RUNPATH_SEARCH_PATHS = (
					"$(inherited)",
					"@executable_path/Frameworks",
				);
				MARKETING_VERSION = 1.0;
				PRODUCT_BUNDLE_IDENTIFIER = com.Slugs.ScreenTimeSocialMedia;
				PRODUCT_NAME = "$(TARGET_NAME)";
				PROVISIONING_PROFILE_SPECIFIER = "";
				SWIFT_EMIT_LOC_STRINGS = YES;
				SWIFT_VERSION = 5.0;
				TARGETED_DEVICE_FAMILY = "1,2";
			};
			name = Release;
		};
/* End XCBuildConfiguration section */

/* Begin XCConfigurationList section */
		4995B0F12AA84933003A8E3A /* Build configuration list for PBXProject "ScreenTimeSocialMedia" */ = {
			isa = XCConfigurationList;
			buildConfigurations = (
				4995B1022AA84934003A8E3A /* Debug */,
				4995B1032AA84934003A8E3A /* Release */,
			);
			defaultConfigurationIsVisible = 0;
			defaultConfigurationName = Release;
		};
		4995B1042AA84934003A8E3A /* Build configuration list for PBXNativeTarget "ScreenTimeSocialMedia" */ = {
			isa = XCConfigurationList;
			buildConfigurations = (
				4995B1052AA84934003A8E3A /* Debug */,
				4995B1062AA84934003A8E3A /* Release */,
			);
			defaultConfigurationIsVisible = 0;
			defaultConfigurationName = Release;
		};
/* End XCConfigurationList section */

/* Begin XCRemoteSwiftPackageReference section */
		49C8EEE22AA98C3D00B2565B /* XCRemoteSwiftPackageReference "firebase-ios-sdk" */ = {
			isa = XCRemoteSwiftPackageReference;
			repositoryURL = "https://github.com/firebase/firebase-ios-sdk";
			requirement = {
				kind = upToNextMajorVersion;
				minimumVersion = 10.14.0;
			};
		};
/* End XCRemoteSwiftPackageReference section */

/* Begin XCSwiftPackageProductDependency section */
		49C8EEE32AA98C3D00B2565B /* FirebaseAnalytics */ = {
			isa = XCSwiftPackageProductDependency;
			package = 49C8EEE22AA98C3D00B2565B /* XCRemoteSwiftPackageReference "firebase-ios-sdk" */;
			productName = FirebaseAnalytics;
		};
		49C8EEE52AA98C3D00B2565B /* FirebaseAnalyticsOnDeviceConversion */ = {
			isa = XCSwiftPackageProductDependency;
			package = 49C8EEE22AA98C3D00B2565B /* XCRemoteSwiftPackageReference "firebase-ios-sdk" */;
			productName = FirebaseAnalyticsOnDeviceConversion;
		};
		49C8EEE72AA98C3D00B2565B /* FirebaseAnalyticsSwift */ = {
			isa = XCSwiftPackageProductDependency;
			package = 49C8EEE22AA98C3D00B2565B /* XCRemoteSwiftPackageReference "firebase-ios-sdk" */;
			productName = FirebaseAnalyticsSwift;
		};
		49C8EEE92AA98C3D00B2565B /* FirebaseAnalyticsWithoutAdIdSupport */ = {
			isa = XCSwiftPackageProductDependency;
			package = 49C8EEE22AA98C3D00B2565B /* XCRemoteSwiftPackageReference "firebase-ios-sdk" */;
			productName = FirebaseAnalyticsWithoutAdIdSupport;
		};
		49C8EEEB2AA98C3D00B2565B /* FirebaseAppCheck */ = {
			isa = XCSwiftPackageProductDependency;
			package = 49C8EEE22AA98C3D00B2565B /* XCRemoteSwiftPackageReference "firebase-ios-sdk" */;
			productName = FirebaseAppCheck;
		};
		49C8EEED2AA98C3D00B2565B /* FirebaseAppDistribution-Beta */ = {
			isa = XCSwiftPackageProductDependency;
			package = 49C8EEE22AA98C3D00B2565B /* XCRemoteSwiftPackageReference "firebase-ios-sdk" */;
			productName = "FirebaseAppDistribution-Beta";
		};
		49C8EEEF2AA98C3D00B2565B /* FirebaseAuth */ = {
			isa = XCSwiftPackageProductDependency;
			package = 49C8EEE22AA98C3D00B2565B /* XCRemoteSwiftPackageReference "firebase-ios-sdk" */;
			productName = FirebaseAuth;
		};
		49C8EEF12AA98C3D00B2565B /* FirebaseAuthCombine-Community */ = {
			isa = XCSwiftPackageProductDependency;
			package = 49C8EEE22AA98C3D00B2565B /* XCRemoteSwiftPackageReference "firebase-ios-sdk" */;
			productName = "FirebaseAuthCombine-Community";
		};
		49C8EEF32AA98C3D00B2565B /* FirebaseCrashlytics */ = {
			isa = XCSwiftPackageProductDependency;
			package = 49C8EEE22AA98C3D00B2565B /* XCRemoteSwiftPackageReference "firebase-ios-sdk" */;
			productName = FirebaseCrashlytics;
		};
		49C8EEF52AA98C3D00B2565B /* FirebaseDatabase */ = {
			isa = XCSwiftPackageProductDependency;
			package = 49C8EEE22AA98C3D00B2565B /* XCRemoteSwiftPackageReference "firebase-ios-sdk" */;
			productName = FirebaseDatabase;
		};
		49C8EEF72AA98C3D00B2565B /* FirebaseDatabaseSwift */ = {
			isa = XCSwiftPackageProductDependency;
			package = 49C8EEE22AA98C3D00B2565B /* XCRemoteSwiftPackageReference "firebase-ios-sdk" */;
			productName = FirebaseDatabaseSwift;
		};
		49C8EEF92AA98C3D00B2565B /* FirebaseDynamicLinks */ = {
			isa = XCSwiftPackageProductDependency;
			package = 49C8EEE22AA98C3D00B2565B /* XCRemoteSwiftPackageReference "firebase-ios-sdk" */;
			productName = FirebaseDynamicLinks;
		};
		49C8EEFB2AA98C3D00B2565B /* FirebaseFirestore */ = {
			isa = XCSwiftPackageProductDependency;
			package = 49C8EEE22AA98C3D00B2565B /* XCRemoteSwiftPackageReference "firebase-ios-sdk" */;
			productName = FirebaseFirestore;
		};
		49C8EEFD2AA98C3D00B2565B /* FirebaseFirestoreCombine-Community */ = {
			isa = XCSwiftPackageProductDependency;
			package = 49C8EEE22AA98C3D00B2565B /* XCRemoteSwiftPackageReference "firebase-ios-sdk" */;
			productName = "FirebaseFirestoreCombine-Community";
		};
		49C8EEFF2AA98C3D00B2565B /* FirebaseFirestoreSwift */ = {
			isa = XCSwiftPackageProductDependency;
			package = 49C8EEE22AA98C3D00B2565B /* XCRemoteSwiftPackageReference "firebase-ios-sdk" */;
			productName = FirebaseFirestoreSwift;
		};
		49C8EF012AA98C3D00B2565B /* FirebaseFunctions */ = {
			isa = XCSwiftPackageProductDependency;
			package = 49C8EEE22AA98C3D00B2565B /* XCRemoteSwiftPackageReference "firebase-ios-sdk" */;
			productName = FirebaseFunctions;
		};
		49C8EF032AA98C3D00B2565B /* FirebaseFunctionsCombine-Community */ = {
			isa = XCSwiftPackageProductDependency;
			package = 49C8EEE22AA98C3D00B2565B /* XCRemoteSwiftPackageReference "firebase-ios-sdk" */;
			productName = "FirebaseFunctionsCombine-Community";
		};
		49C8EF052AA98C3D00B2565B /* FirebaseInAppMessaging-Beta */ = {
			isa = XCSwiftPackageProductDependency;
			package = 49C8EEE22AA98C3D00B2565B /* XCRemoteSwiftPackageReference "firebase-ios-sdk" */;
			productName = "FirebaseInAppMessaging-Beta";
		};
		49C8EF072AA98C3D00B2565B /* FirebaseInAppMessagingSwift-Beta */ = {
			isa = XCSwiftPackageProductDependency;
			package = 49C8EEE22AA98C3D00B2565B /* XCRemoteSwiftPackageReference "firebase-ios-sdk" */;
			productName = "FirebaseInAppMessagingSwift-Beta";
		};
		49C8EF092AA98C3D00B2565B /* FirebaseInstallations */ = {
			isa = XCSwiftPackageProductDependency;
			package = 49C8EEE22AA98C3D00B2565B /* XCRemoteSwiftPackageReference "firebase-ios-sdk" */;
			productName = FirebaseInstallations;
		};
		49C8EF0B2AA98C3D00B2565B /* FirebaseMLModelDownloader */ = {
			isa = XCSwiftPackageProductDependency;
			package = 49C8EEE22AA98C3D00B2565B /* XCRemoteSwiftPackageReference "firebase-ios-sdk" */;
			productName = FirebaseMLModelDownloader;
		};
		49C8EF0D2AA98C3D00B2565B /* FirebaseMessaging */ = {
			isa = XCSwiftPackageProductDependency;
			package = 49C8EEE22AA98C3D00B2565B /* XCRemoteSwiftPackageReference "firebase-ios-sdk" */;
			productName = FirebaseMessaging;
		};
		49C8EF0F2AA98C3D00B2565B /* FirebasePerformance */ = {
			isa = XCSwiftPackageProductDependency;
			package = 49C8EEE22AA98C3D00B2565B /* XCRemoteSwiftPackageReference "firebase-ios-sdk" */;
			productName = FirebasePerformance;
		};
		49C8EF112AA98C3D00B2565B /* FirebaseRemoteConfig */ = {
			isa = XCSwiftPackageProductDependency;
			package = 49C8EEE22AA98C3D00B2565B /* XCRemoteSwiftPackageReference "firebase-ios-sdk" */;
			productName = FirebaseRemoteConfig;
		};
		49C8EF132AA98C3D00B2565B /* FirebaseRemoteConfigSwift */ = {
			isa = XCSwiftPackageProductDependency;
			package = 49C8EEE22AA98C3D00B2565B /* XCRemoteSwiftPackageReference "firebase-ios-sdk" */;
			productName = FirebaseRemoteConfigSwift;
		};
		49C8EF152AA98C3D00B2565B /* FirebaseStorage */ = {
			isa = XCSwiftPackageProductDependency;
			package = 49C8EEE22AA98C3D00B2565B /* XCRemoteSwiftPackageReference "firebase-ios-sdk" */;
			productName = FirebaseStorage;
		};
		49C8EF172AA98C3D00B2565B /* FirebaseStorageCombine-Community */ = {
			isa = XCSwiftPackageProductDependency;
			package = 49C8EEE22AA98C3D00B2565B /* XCRemoteSwiftPackageReference "firebase-ios-sdk" */;
			productName = "FirebaseStorageCombine-Community";
		};
/* End XCSwiftPackageProductDependency section */
	};
	rootObject = 4995B0EE2AA84933003A8E3A /* Project object */;
}
